// !$*UTF8*$!
{
	archiveVersion = 1;
	classes = {
	};
	objectVersion = 56;
	objects = {

/* Begin PBXBuildFile section */
		655DE79F2A20C38A00B5E17A /* AppDelegate.swift in Sources */ = {isa = PBXBuildFile; fileRef = 655DE79E2A20C38A00B5E17A /* AppDelegate.swift */; };
		655DE7A32A20C38A00B5E17A /* GeneralViewController.swift in Sources */ = {isa = PBXBuildFile; fileRef = 655DE7A22A20C38A00B5E17A /* GeneralViewController.swift */; };
		655DE7A82A20C38B00B5E17A /* Assets.xcassets in Resources */ = {isa = PBXBuildFile; fileRef = 655DE7A72A20C38B00B5E17A /* Assets.xcassets */; };
		655DE7AB2A20C38B00B5E17A /* LaunchScreen.storyboard in Resources */ = {isa = PBXBuildFile; fileRef = 655DE7A92A20C38B00B5E17A /* LaunchScreen.storyboard */; };
		655DE7B32A20C78B00B5E17A /* TabBarController.swift in Sources */ = {isa = PBXBuildFile; fileRef = 655DE7B22A20C78B00B5E17A /* TabBarController.swift */; };
		655DE7B52A224D9700B5E17A /* BusinessViewController.swift in Sources */ = {isa = PBXBuildFile; fileRef = 655DE7B42A224D9700B5E17A /* BusinessViewController.swift */; };
		655DE7B72A224DD500B5E17A /* TechnologyViewController.swift in Sources */ = {isa = PBXBuildFile; fileRef = 655DE7B62A224DD500B5E17A /* TechnologyViewController.swift */; };
		655DE7BA2A23748B00B5E17A /* SnapKit in Frameworks */ = {isa = PBXBuildFile; productRef = 655DE7B92A23748B00B5E17A /* SnapKit */; };
		655DE7C22A23764400B5E17A /* GeneralCollectionViewCell.swift in Sources */ = {isa = PBXBuildFile; fileRef = 655DE7C12A23764400B5E17A /* GeneralCollectionViewCell.swift */; };
		655DE7C62A23945C00B5E17A /* NewsViewController.swift in Sources */ = {isa = PBXBuildFile; fileRef = 655DE7C52A23945C00B5E17A /* NewsViewController.swift */; };
		655DE7C82A23B0FA00B5E17A /* DetailsCollectionViewCell.swift in Sources */ = {isa = PBXBuildFile; fileRef = 655DE7C72A23B0FA00B5E17A /* DetailsCollectionViewCell.swift */; };
		655DE7CB2A24C50100B5E17A /* GeneralViewModel.swift in Sources */ = {isa = PBXBuildFile; fileRef = 655DE7CA2A24C50100B5E17A /* GeneralViewModel.swift */; };
		655DE7CD2A24C7AB00B5E17A /* NewsResponseObject.swift in Sources */ = {isa = PBXBuildFile; fileRef = 655DE7CC2A24C7AB00B5E17A /* NewsResponseObject.swift */; };
		655DE7CF2A24C7ED00B5E17A /* ArticleResponseObject.swift in Sources */ = {isa = PBXBuildFile; fileRef = 655DE7CE2A24C7ED00B5E17A /* ArticleResponseObject.swift */; };
		655DE7D22A24CAC600B5E17A /* ArticleCellViewModel.swift in Sources */ = {isa = PBXBuildFile; fileRef = 655DE7D12A24CAC600B5E17A /* ArticleCellViewModel.swift */; };
		655DE7D42A24E1C100B5E17A /* ApiManager.swift in Sources */ = {isa = PBXBuildFile; fileRef = 655DE7D32A24E1C100B5E17A /* ApiManager.swift */; };
		655DE7D72A24E79A00B5E17A /* NetworkingError.swift in Sources */ = {isa = PBXBuildFile; fileRef = 655DE7D62A24E79A00B5E17A /* NetworkingError.swift */; };
		655DE7DA2A2CA1D000B5E17A /* NewsViewModel.swift in Sources */ = {isa = PBXBuildFile; fileRef = 655DE7D92A2CA1D000B5E17A /* NewsViewModel.swift */; };
		655DE7DD2A2CC58A00B5E17A /* BusinessViewModel.swift in Sources */ = {isa = PBXBuildFile; fileRef = 655DE7DC2A2CC58A00B5E17A /* BusinessViewModel.swift */; };
		655DE7DF2A2D064800B5E17A /* TableCollectionViewSection.swift in Sources */ = {isa = PBXBuildFile; fileRef = 655DE7DE2A2D064800B5E17A /* TableCollectionViewSection.swift */; };
		655DE7E12A2F143400B5E17A /* NewsListViewModel.swift in Sources */ = {isa = PBXBuildFile; fileRef = 655DE7E02A2F143400B5E17A /* NewsListViewModel.swift */; };
		655DE7E42A2F206C00B5E17A /* TechnologyViewModel.swift in Sources */ = {isa = PBXBuildFile; fileRef = 655DE7E32A2F206C00B5E17A /* TechnologyViewModel.swift */; };
		655DE7E62A2F212000B5E17A /* TechnologyCollectionViewCell.swift in Sources */ = {isa = PBXBuildFile; fileRef = 655DE7E52A2F212000B5E17A /* TechnologyCollectionViewCell.swift */; };
/* End PBXBuildFile section */

/* Begin PBXFileReference section */
		655DE79B2A20C38A00B5E17A /* NewsApp.app */ = {isa = PBXFileReference; explicitFileType = wrapper.application; includeInIndex = 0; path = NewsApp.app; sourceTree = BUILT_PRODUCTS_DIR; };
		655DE79E2A20C38A00B5E17A /* AppDelegate.swift */ = {isa = PBXFileReference; lastKnownFileType = sourcecode.swift; path = AppDelegate.swift; sourceTree = "<group>"; };
		655DE7A22A20C38A00B5E17A /* GeneralViewController.swift */ = {isa = PBXFileReference; lastKnownFileType = sourcecode.swift; path = GeneralViewController.swift; sourceTree = "<group>"; };
		655DE7A72A20C38B00B5E17A /* Assets.xcassets */ = {isa = PBXFileReference; lastKnownFileType = folder.assetcatalog; path = Assets.xcassets; sourceTree = "<group>"; };
		655DE7AA2A20C38B00B5E17A /* Base */ = {isa = PBXFileReference; lastKnownFileType = file.storyboard; name = Base; path = Base.lproj/LaunchScreen.storyboard; sourceTree = "<group>"; };
		655DE7AC2A20C38B00B5E17A /* Info.plist */ = {isa = PBXFileReference; lastKnownFileType = text.plist.xml; path = Info.plist; sourceTree = "<group>"; };
		655DE7B22A20C78B00B5E17A /* TabBarController.swift */ = {isa = PBXFileReference; lastKnownFileType = sourcecode.swift; path = TabBarController.swift; sourceTree = "<group>"; };
		655DE7B42A224D9700B5E17A /* BusinessViewController.swift */ = {isa = PBXFileReference; lastKnownFileType = sourcecode.swift; path = BusinessViewController.swift; sourceTree = "<group>"; };
		655DE7B62A224DD500B5E17A /* TechnologyViewController.swift */ = {isa = PBXFileReference; lastKnownFileType = sourcecode.swift; path = TechnologyViewController.swift; sourceTree = "<group>"; };
		655DE7C12A23764400B5E17A /* GeneralCollectionViewCell.swift */ = {isa = PBXFileReference; lastKnownFileType = sourcecode.swift; path = GeneralCollectionViewCell.swift; sourceTree = "<group>"; };
		655DE7C52A23945C00B5E17A /* NewsViewController.swift */ = {isa = PBXFileReference; lastKnownFileType = sourcecode.swift; path = NewsViewController.swift; sourceTree = "<group>"; };
		655DE7C72A23B0FA00B5E17A /* DetailsCollectionViewCell.swift */ = {isa = PBXFileReference; lastKnownFileType = sourcecode.swift; path = DetailsCollectionViewCell.swift; sourceTree = "<group>"; };
		655DE7CA2A24C50100B5E17A /* GeneralViewModel.swift */ = {isa = PBXFileReference; lastKnownFileType = sourcecode.swift; path = GeneralViewModel.swift; sourceTree = "<group>"; };
		655DE7CC2A24C7AB00B5E17A /* NewsResponseObject.swift */ = {isa = PBXFileReference; lastKnownFileType = sourcecode.swift; path = NewsResponseObject.swift; sourceTree = "<group>"; };
		655DE7CE2A24C7ED00B5E17A /* ArticleResponseObject.swift */ = {isa = PBXFileReference; lastKnownFileType = sourcecode.swift; path = ArticleResponseObject.swift; sourceTree = "<group>"; };
		655DE7D12A24CAC600B5E17A /* ArticleCellViewModel.swift */ = {isa = PBXFileReference; lastKnownFileType = sourcecode.swift; path = ArticleCellViewModel.swift; sourceTree = "<group>"; };
		655DE7D32A24E1C100B5E17A /* ApiManager.swift */ = {isa = PBXFileReference; lastKnownFileType = sourcecode.swift; path = ApiManager.swift; sourceTree = "<group>"; };
		655DE7D62A24E79A00B5E17A /* NetworkingError.swift */ = {isa = PBXFileReference; lastKnownFileType = sourcecode.swift; path = NetworkingError.swift; sourceTree = "<group>"; };
		655DE7D92A2CA1D000B5E17A /* NewsViewModel.swift */ = {isa = PBXFileReference; lastKnownFileType = sourcecode.swift; path = NewsViewModel.swift; sourceTree = "<group>"; };
		655DE7DC2A2CC58A00B5E17A /* BusinessViewModel.swift */ = {isa = PBXFileReference; lastKnownFileType = sourcecode.swift; path = BusinessViewModel.swift; sourceTree = "<group>"; };
		655DE7DE2A2D064800B5E17A /* TableCollectionViewSection.swift */ = {isa = PBXFileReference; lastKnownFileType = sourcecode.swift; path = TableCollectionViewSection.swift; sourceTree = "<group>"; };
		655DE7E02A2F143400B5E17A /* NewsListViewModel.swift */ = {isa = PBXFileReference; lastKnownFileType = sourcecode.swift; path = NewsListViewModel.swift; sourceTree = "<group>"; };
		655DE7E32A2F206C00B5E17A /* TechnologyViewModel.swift */ = {isa = PBXFileReference; lastKnownFileType = sourcecode.swift; path = TechnologyViewModel.swift; sourceTree = "<group>"; };
		655DE7E52A2F212000B5E17A /* TechnologyCollectionViewCell.swift */ = {isa = PBXFileReference; lastKnownFileType = sourcecode.swift; path = TechnologyCollectionViewCell.swift; sourceTree = "<group>"; };
/* End PBXFileReference section */

/* Begin PBXFrameworksBuildPhase section */
		655DE7982A20C38A00B5E17A /* Frameworks */ = {
			isa = PBXFrameworksBuildPhase;
			buildActionMask = 2147483647;
			files = (
				655DE7BA2A23748B00B5E17A /* SnapKit in Frameworks */,
			);
			runOnlyForDeploymentPostprocessing = 0;
		};
/* End PBXFrameworksBuildPhase section */

/* Begin PBXGroup section */
		655DE7922A20C38A00B5E17A = {
			isa = PBXGroup;
			children = (
				655DE79D2A20C38A00B5E17A /* NewsApp */,
				655DE79C2A20C38A00B5E17A /* Products */,
			);
			sourceTree = "<group>";
		};
		655DE79C2A20C38A00B5E17A /* Products */ = {
			isa = PBXGroup;
			children = (
				655DE79B2A20C38A00B5E17A /* NewsApp.app */,
			);
			name = Products;
			sourceTree = "<group>";
		};
		655DE79D2A20C38A00B5E17A /* NewsApp */ = {
			isa = PBXGroup;
			children = (
				655DE79E2A20C38A00B5E17A /* AppDelegate.swift */,
				655DE7B22A20C78B00B5E17A /* TabBarController.swift */,
				655DE7E02A2F143400B5E17A /* NewsListViewModel.swift */,
				655DE7D52A24E78A00B5E17A /* Networking */,
				655DE7C32A23943900B5E17A /* News */,
				655DE7BB2A23760700B5E17A /* General */,
				655DE7BC2A23760D00B5E17A /* Business */,
				655DE7BD2A23761300B5E17A /* Technology */,
				655DE7A72A20C38B00B5E17A /* Assets.xcassets */,
				655DE7A92A20C38B00B5E17A /* LaunchScreen.storyboard */,
				655DE7AC2A20C38B00B5E17A /* Info.plist */,
			);
			path = NewsApp;
			sourceTree = "<group>";
		};
		655DE7BB2A23760700B5E17A /* General */ = {
			isa = PBXGroup;
			children = (
				655DE7D02A24C88200B5E17A /* Model */,
				655DE7BE2A23762100B5E17A /* VIew */,
				655DE7C92A24C4DB00B5E17A /* ViewModel */,
			);
			path = General;
			sourceTree = "<group>";
		};
		655DE7BC2A23760D00B5E17A /* Business */ = {
			isa = PBXGroup;
			children = (
				655DE7BF2A23762700B5E17A /* View */,
				655DE7DB2A2CC55C00B5E17A /* BusinessViewModel */,
			);
			path = Business;
			sourceTree = "<group>";
		};
		655DE7BD2A23761300B5E17A /* Technology */ = {
			isa = PBXGroup;
			children = (
				655DE7E22A2F202A00B5E17A /* TechnologyViewModel */,
				655DE7C02A23762E00B5E17A /* View */,
			);
			path = Technology;
			sourceTree = "<group>";
		};
		655DE7BE2A23762100B5E17A /* VIew */ = {
			isa = PBXGroup;
			children = (
				655DE7A22A20C38A00B5E17A /* GeneralViewController.swift */,
				655DE7C12A23764400B5E17A /* GeneralCollectionViewCell.swift */,
			);
			path = VIew;
			sourceTree = "<group>";
		};
		655DE7BF2A23762700B5E17A /* View */ = {
			isa = PBXGroup;
			children = (
				655DE7B42A224D9700B5E17A /* BusinessViewController.swift */,
				655DE7C72A23B0FA00B5E17A /* DetailsCollectionViewCell.swift */,
			);
			path = View;
			sourceTree = "<group>";
		};
		655DE7C02A23762E00B5E17A /* View */ = {
			isa = PBXGroup;
			children = (
				655DE7B62A224DD500B5E17A /* TechnologyViewController.swift */,
				655DE7E52A2F212000B5E17A /* TechnologyCollectionViewCell.swift */,
			);
			path = View;
			sourceTree = "<group>";
		};
		655DE7C32A23943900B5E17A /* News */ = {
			isa = PBXGroup;
			children = (
				655DE7D82A2CA1BF00B5E17A /* ViewModel */,
				655DE7C42A23944900B5E17A /* View */,
			);
			path = News;
			sourceTree = "<group>";
		};
		655DE7C42A23944900B5E17A /* View */ = {
			isa = PBXGroup;
			children = (
				655DE7C52A23945C00B5E17A /* NewsViewController.swift */,
			);
			path = View;
			sourceTree = "<group>";
		};
		655DE7C92A24C4DB00B5E17A /* ViewModel */ = {
			isa = PBXGroup;
			children = (
				655DE7CA2A24C50100B5E17A /* GeneralViewModel.swift */,
				655DE7D12A24CAC600B5E17A /* ArticleCellViewModel.swift */,
			);
			path = ViewModel;
			sourceTree = "<group>";
		};
		655DE7D02A24C88200B5E17A /* Model */ = {
			isa = PBXGroup;
			children = (
				655DE7CC2A24C7AB00B5E17A /* NewsResponseObject.swift */,
				655DE7CE2A24C7ED00B5E17A /* ArticleResponseObject.swift */,
				655DE7DE2A2D064800B5E17A /* TableCollectionViewSection.swift */,
			);
			path = Model;
			sourceTree = "<group>";
		};
		655DE7D52A24E78A00B5E17A /* Networking */ = {
			isa = PBXGroup;
			children = (
				655DE7D32A24E1C100B5E17A /* ApiManager.swift */,
				655DE7D62A24E79A00B5E17A /* NetworkingError.swift */,
			);
			path = Networking;
			sourceTree = "<group>";
		};
		655DE7D82A2CA1BF00B5E17A /* ViewModel */ = {
			isa = PBXGroup;
			children = (
				655DE7D92A2CA1D000B5E17A /* NewsViewModel.swift */,
			);
			path = ViewModel;
			sourceTree = "<group>";
		};
		655DE7DB2A2CC55C00B5E17A /* BusinessViewModel */ = {
			isa = PBXGroup;
			children = (
				655DE7DC2A2CC58A00B5E17A /* BusinessViewModel.swift */,
			);
			path = BusinessViewModel;
			sourceTree = "<group>";
		};
		655DE7E22A2F202A00B5E17A /* TechnologyViewModel */ = {
			isa = PBXGroup;
			children = (
				655DE7E32A2F206C00B5E17A /* TechnologyViewModel.swift */,
			);
			path = TechnologyViewModel;
			sourceTree = "<group>";
		};
/* End PBXGroup section */

/* Begin PBXNativeTarget section */
		655DE79A2A20C38A00B5E17A /* NewsApp */ = {
			isa = PBXNativeTarget;
			buildConfigurationList = 655DE7AF2A20C38B00B5E17A /* Build configuration list for PBXNativeTarget "NewsApp" */;
			buildPhases = (
				655DE7972A20C38A00B5E17A /* Sources */,
				655DE7982A20C38A00B5E17A /* Frameworks */,
				655DE7992A20C38A00B5E17A /* Resources */,
			);
			buildRules = (
			);
			dependencies = (
			);
			name = NewsApp;
			packageProductDependencies = (
				655DE7B92A23748B00B5E17A /* SnapKit */,
			);
			productName = NewsApp;
			productReference = 655DE79B2A20C38A00B5E17A /* NewsApp.app */;
			productType = "com.apple.product-type.application";
		};
/* End PBXNativeTarget section */

/* Begin PBXProject section */
		655DE7932A20C38A00B5E17A /* Project object */ = {
			isa = PBXProject;
			attributes = {
				BuildIndependentTargetsInParallel = 1;
				LastSwiftUpdateCheck = 1430;
				LastUpgradeCheck = 1430;
				TargetAttributes = {
					655DE79A2A20C38A00B5E17A = {
						CreatedOnToolsVersion = 14.3;
					};
				};
			};
			buildConfigurationList = 655DE7962A20C38A00B5E17A /* Build configuration list for PBXProject "NewsApp" */;
			compatibilityVersion = "Xcode 14.0";
			developmentRegion = en;
			hasScannedForEncodings = 0;
			knownRegions = (
				en,
				Base,
			);
			mainGroup = 655DE7922A20C38A00B5E17A;
			packageReferences = (
				655DE7B82A23748B00B5E17A /* XCRemoteSwiftPackageReference "SnapKit" */,
			);
			productRefGroup = 655DE79C2A20C38A00B5E17A /* Products */;
			projectDirPath = "";
			projectRoot = "";
			targets = (
				655DE79A2A20C38A00B5E17A /* NewsApp */,
			);
		};
/* End PBXProject section */

/* Begin PBXResourcesBuildPhase section */
		655DE7992A20C38A00B5E17A /* Resources */ = {
			isa = PBXResourcesBuildPhase;
			buildActionMask = 2147483647;
			files = (
				655DE7AB2A20C38B00B5E17A /* LaunchScreen.storyboard in Resources */,
				655DE7A82A20C38B00B5E17A /* Assets.xcassets in Resources */,
			);
			runOnlyForDeploymentPostprocessing = 0;
		};
/* End PBXResourcesBuildPhase section */

/* Begin PBXSourcesBuildPhase section */
		655DE7972A20C38A00B5E17A /* Sources */ = {
			isa = PBXSourcesBuildPhase;
			buildActionMask = 2147483647;
			files = (
				655DE7CF2A24C7ED00B5E17A /* ArticleResponseObject.swift in Sources */,
				655DE7B72A224DD500B5E17A /* TechnologyViewController.swift in Sources */,
				655DE7C22A23764400B5E17A /* GeneralCollectionViewCell.swift in Sources */,
				655DE7B32A20C78B00B5E17A /* TabBarController.swift in Sources */,
				655DE7A32A20C38A00B5E17A /* GeneralViewController.swift in Sources */,
				655DE7E12A2F143400B5E17A /* NewsListViewModel.swift in Sources */,
				655DE7DF2A2D064800B5E17A /* TableCollectionViewSection.swift in Sources */,
				655DE7C62A23945C00B5E17A /* NewsViewController.swift in Sources */,
				655DE7CB2A24C50100B5E17A /* GeneralViewModel.swift in Sources */,
				655DE7DA2A2CA1D000B5E17A /* NewsViewModel.swift in Sources */,
				655DE7CD2A24C7AB00B5E17A /* NewsResponseObject.swift in Sources */,
				655DE7D42A24E1C100B5E17A /* ApiManager.swift in Sources */,
				655DE7E62A2F212000B5E17A /* TechnologyCollectionViewCell.swift in Sources */,
				655DE7E42A2F206C00B5E17A /* TechnologyViewModel.swift in Sources */,
				655DE7DD2A2CC58A00B5E17A /* BusinessViewModel.swift in Sources */,
				655DE7B52A224D9700B5E17A /* BusinessViewController.swift in Sources */,
				655DE7D72A24E79A00B5E17A /* NetworkingError.swift in Sources */,
				655DE7D22A24CAC600B5E17A /* ArticleCellViewModel.swift in Sources */,
				655DE79F2A20C38A00B5E17A /* AppDelegate.swift in Sources */,
				655DE7C82A23B0FA00B5E17A /* DetailsCollectionViewCell.swift in Sources */,
			);
			runOnlyForDeploymentPostprocessing = 0;
		};
/* End PBXSourcesBuildPhase section */

/* Begin PBXVariantGroup section */
		655DE7A92A20C38B00B5E17A /* LaunchScreen.storyboard */ = {
			isa = PBXVariantGroup;
			children = (
				655DE7AA2A20C38B00B5E17A /* Base */,
			);
			name = LaunchScreen.storyboard;
			sourceTree = "<group>";
		};
/* End PBXVariantGroup section */

/* Begin XCBuildConfiguration section */
		655DE7AD2A20C38B00B5E17A /* Debug */ = {
			isa = XCBuildConfiguration;
			buildSettings = {
				ALWAYS_SEARCH_USER_PATHS = NO;
				CLANG_ANALYZER_NONNULL = YES;
				CLANG_ANALYZER_NUMBER_OBJECT_CONVERSION = YES_AGGRESSIVE;
				CLANG_CXX_LANGUAGE_STANDARD = "gnu++20";
				CLANG_ENABLE_MODULES = YES;
				CLANG_ENABLE_OBJC_ARC = YES;
				CLANG_ENABLE_OBJC_WEAK = YES;
				CLANG_WARN_BLOCK_CAPTURE_AUTORELEASING = YES;
				CLANG_WARN_BOOL_CONVERSION = YES;
				CLANG_WARN_COMMA = YES;
				CLANG_WARN_CONSTANT_CONVERSION = YES;
				CLANG_WARN_DEPRECATED_OBJC_IMPLEMENTATIONS = YES;
				CLANG_WARN_DIRECT_OBJC_ISA_USAGE = YES_ERROR;
				CLANG_WARN_DOCUMENTATION_COMMENTS = YES;
				CLANG_WARN_EMPTY_BODY = YES;
				CLANG_WARN_ENUM_CONVERSION = YES;
				CLANG_WARN_INFINITE_RECURSION = YES;
				CLANG_WARN_INT_CONVERSION = YES;
				CLANG_WARN_NON_LITERAL_NULL_CONVERSION = YES;
				CLANG_WARN_OBJC_IMPLICIT_RETAIN_SELF = YES;
				CLANG_WARN_OBJC_LITERAL_CONVERSION = YES;
				CLANG_WARN_OBJC_ROOT_CLASS = YES_ERROR;
				CLANG_WARN_QUOTED_INCLUDE_IN_FRAMEWORK_HEADER = YES;
				CLANG_WARN_RANGE_LOOP_ANALYSIS = YES;
				CLANG_WARN_STRICT_PROTOTYPES = YES;
				CLANG_WARN_SUSPICIOUS_MOVE = YES;
				CLANG_WARN_UNGUARDED_AVAILABILITY = YES_AGGRESSIVE;
				CLANG_WARN_UNREACHABLE_CODE = YES;
				CLANG_WARN__DUPLICATE_METHOD_MATCH = YES;
				COPY_PHASE_STRIP = NO;
				DEBUG_INFORMATION_FORMAT = dwarf;
				ENABLE_STRICT_OBJC_MSGSEND = YES;
				ENABLE_TESTABILITY = YES;
				GCC_C_LANGUAGE_STANDARD = gnu11;
				GCC_DYNAMIC_NO_PIC = NO;
				GCC_NO_COMMON_BLOCKS = YES;
				GCC_OPTIMIZATION_LEVEL = 0;
				GCC_PREPROCESSOR_DEFINITIONS = (
					"DEBUG=1",
					"$(inherited)",
				);
				GCC_WARN_64_TO_32_BIT_CONVERSION = YES;
				GCC_WARN_ABOUT_RETURN_TYPE = YES_ERROR;
				GCC_WARN_UNDECLARED_SELECTOR = YES;
				GCC_WARN_UNINITIALIZED_AUTOS = YES_AGGRESSIVE;
				GCC_WARN_UNUSED_FUNCTION = YES;
				GCC_WARN_UNUSED_VARIABLE = YES;
				IPHONEOS_DEPLOYMENT_TARGET = 16.4;
				MTL_ENABLE_DEBUG_INFO = INCLUDE_SOURCE;
				MTL_FAST_MATH = YES;
				ONLY_ACTIVE_ARCH = YES;
				SDKROOT = iphoneos;
				SWIFT_ACTIVE_COMPILATION_CONDITIONS = DEBUG;
				SWIFT_OPTIMIZATION_LEVEL = "-Onone";
			};
			name = Debug;
		};
		655DE7AE2A20C38B00B5E17A /* Release */ = {
			isa = XCBuildConfiguration;
			buildSettings = {
				ALWAYS_SEARCH_USER_PATHS = NO;
				CLANG_ANALYZER_NONNULL = YES;
				CLANG_ANALYZER_NUMBER_OBJECT_CONVERSION = YES_AGGRESSIVE;
				CLANG_CXX_LANGUAGE_STANDARD = "gnu++20";
				CLANG_ENABLE_MODULES = YES;
				CLANG_ENABLE_OBJC_ARC = YES;
				CLANG_ENABLE_OBJC_WEAK = YES;
				CLANG_WARN_BLOCK_CAPTURE_AUTORELEASING = YES;
				CLANG_WARN_BOOL_CONVERSION = YES;
				CLANG_WARN_COMMA = YES;
				CLANG_WARN_CONSTANT_CONVERSION = YES;
				CLANG_WARN_DEPRECATED_OBJC_IMPLEMENTATIONS = YES;
				CLANG_WARN_DIRECT_OBJC_ISA_USAGE = YES_ERROR;
				CLANG_WARN_DOCUMENTATION_COMMENTS = YES;
				CLANG_WARN_EMPTY_BODY = YES;
				CLANG_WARN_ENUM_CONVERSION = YES;
				CLANG_WARN_INFINITE_RECURSION = YES;
				CLANG_WARN_INT_CONVERSION = YES;
				CLANG_WARN_NON_LITERAL_NULL_CONVERSION = YES;
				CLANG_WARN_OBJC_IMPLICIT_RETAIN_SELF = YES;
				CLANG_WARN_OBJC_LITERAL_CONVERSION = YES;
				CLANG_WARN_OBJC_ROOT_CLASS = YES_ERROR;
				CLANG_WARN_QUOTED_INCLUDE_IN_FRAMEWORK_HEADER = YES;
				CLANG_WARN_RANGE_LOOP_ANALYSIS = YES;
				CLANG_WARN_STRICT_PROTOTYPES = YES;
				CLANG_WARN_SUSPICIOUS_MOVE = YES;
				CLANG_WARN_UNGUARDED_AVAILABILITY = YES_AGGRESSIVE;
				CLANG_WARN_UNREACHABLE_CODE = YES;
				CLANG_WARN__DUPLICATE_METHOD_MATCH = YES;
				COPY_PHASE_STRIP = NO;
				DEBUG_INFORMATION_FORMAT = "dwarf-with-dsym";
				ENABLE_NS_ASSERTIONS = NO;
				ENABLE_STRICT_OBJC_MSGSEND = YES;
				GCC_C_LANGUAGE_STANDARD = gnu11;
				GCC_NO_COMMON_BLOCKS = YES;
				GCC_WARN_64_TO_32_BIT_CONVERSION = YES;
				GCC_WARN_ABOUT_RETURN_TYPE = YES_ERROR;
				GCC_WARN_UNDECLARED_SELECTOR = YES;
				GCC_WARN_UNINITIALIZED_AUTOS = YES_AGGRESSIVE;
				GCC_WARN_UNUSED_FUNCTION = YES;
				GCC_WARN_UNUSED_VARIABLE = YES;
				IPHONEOS_DEPLOYMENT_TARGET = 16.4;
				MTL_ENABLE_DEBUG_INFO = NO;
				MTL_FAST_MATH = YES;
				SDKROOT = iphoneos;
				SWIFT_COMPILATION_MODE = wholemodule;
				SWIFT_OPTIMIZATION_LEVEL = "-O";
				VALIDATE_PRODUCT = YES;
			};
			name = Release;
		};
		655DE7B02A20C38B00B5E17A /* Debug */ = {
			isa = XCBuildConfiguration;
			buildSettings = {
				ASSETCATALOG_COMPILER_APPICON_NAME = AppIcon;
				ASSETCATALOG_COMPILER_GLOBAL_ACCENT_COLOR_NAME = AccentColor;
				CODE_SIGN_STYLE = Automatic;
				CURRENT_PROJECT_VERSION = 1;
				DEVELOPMENT_TEAM = BM44RT8Y54;
				GENERATE_INFOPLIST_FILE = YES;
				INFOPLIST_FILE = NewsApp/Info.plist;
				INFOPLIST_KEY_UIApplicationSupportsIndirectInputEvents = YES;
				INFOPLIST_KEY_UILaunchStoryboardName = LaunchScreen;
				INFOPLIST_KEY_UISupportedInterfaceOrientations_iPad = "UIInterfaceOrientationPortrait UIInterfaceOrientationPortraitUpsideDown UIInterfaceOrientationLandscapeLeft UIInterfaceOrientationLandscapeRight";
				INFOPLIST_KEY_UISupportedInterfaceOrientations_iPhone = "UIInterfaceOrientationPortrait UIInterfaceOrientationLandscapeLeft UIInterfaceOrientationLandscapeRight";
				LD_RUNPATH_SEARCH_PATHS = (
					"$(inherited)",
					"@executable_path/Frameworks",
				);
				MARKETING_VERSION = 1.0;
				PRODUCT_BUNDLE_IDENTIFIER = Daniel.NewsApp;
				PRODUCT_NAME = "$(TARGET_NAME)";
				SWIFT_EMIT_LOC_STRINGS = YES;
				SWIFT_VERSION = 5.0;
				TARGETED_DEVICE_FAMILY = "1,2";
			};
			name = Debug;
		};
		655DE7B12A20C38B00B5E17A /* Release */ = {
			isa = XCBuildConfiguration;
			buildSettings = {
				ASSETCATALOG_COMPILER_APPICON_NAME = AppIcon;
				ASSETCATALOG_COMPILER_GLOBAL_ACCENT_COLOR_NAME = AccentColor;
				CODE_SIGN_STYLE = Automatic;
				CURRENT_PROJECT_VERSION = 1;
				DEVELOPMENT_TEAM = BM44RT8Y54;
				GENERATE_INFOPLIST_FILE = YES;
				INFOPLIST_FILE = NewsApp/Info.plist;
				INFOPLIST_KEY_UIApplicationSupportsIndirectInputEvents = YES;
				INFOPLIST_KEY_UILaunchStoryboardName = LaunchScreen;
				INFOPLIST_KEY_UISupportedInterfaceOrientations_iPad = "UIInterfaceOrientationPortrait UIInterfaceOrientationPortraitUpsideDown UIInterfaceOrientationLandscapeLeft UIInterfaceOrientationLandscapeRight";
				INFOPLIST_KEY_UISupportedInterfaceOrientations_iPhone = "UIInterfaceOrientationPortrait UIInterfaceOrientationLandscapeLeft UIInterfaceOrientationLandscapeRight";
				LD_RUNPATH_SEARCH_PATHS = (
					"$(inherited)",
					"@executable_path/Frameworks",
				);
				MARKETING_VERSION = 1.0;
				PRODUCT_BUNDLE_IDENTIFIER = Daniel.NewsApp;
				PRODUCT_NAME = "$(TARGET_NAME)";
				SWIFT_EMIT_LOC_STRINGS = YES;
				SWIFT_VERSION = 5.0;
				TARGETED_DEVICE_FAMILY = "1,2";
			};
			name = Release;
		};
/* End XCBuildConfiguration section */

/* Begin XCConfigurationList section */
		655DE7962A20C38A00B5E17A /* Build configuration list for PBXProject "NewsApp" */ = {
			isa = XCConfigurationList;
			buildConfigurations = (
				655DE7AD2A20C38B00B5E17A /* Debug */,
				655DE7AE2A20C38B00B5E17A /* Release */,
			);
			defaultConfigurationIsVisible = 0;
			defaultConfigurationName = Release;
		};
		655DE7AF2A20C38B00B5E17A /* Build configuration list for PBXNativeTarget "NewsApp" */ = {
			isa = XCConfigurationList;
			buildConfigurations = (
				655DE7B02A20C38B00B5E17A /* Debug */,
				655DE7B12A20C38B00B5E17A /* Release */,
			);
			defaultConfigurationIsVisible = 0;
			defaultConfigurationName = Release;
		};
/* End XCConfigurationList section */

/* Begin XCRemoteSwiftPackageReference section */
		655DE7B82A23748B00B5E17A /* XCRemoteSwiftPackageReference "SnapKit" */ = {
			isa = XCRemoteSwiftPackageReference;
			repositoryURL = "https://github.com/SnapKit/SnapKit";
			requirement = {
				kind = upToNextMajorVersion;
				minimumVersion = 5.0.0;
			};
		};
/* End XCRemoteSwiftPackageReference section */

/* Begin XCSwiftPackageProductDependency section */
		655DE7B92A23748B00B5E17A /* SnapKit */ = {
			isa = XCSwiftPackageProductDependency;
			package = 655DE7B82A23748B00B5E17A /* XCRemoteSwiftPackageReference "SnapKit" */;
			productName = SnapKit;
		};
/* End XCSwiftPackageProductDependency section */
	};
	rootObject = 655DE7932A20C38A00B5E17A /* Project object */;
}
